
Microsoft Visual Studio Solution File, Format Version 12.00
# Visual Studio Version 17
VisualStudioVersion = 17.9.34607.119
MinimumVisualStudioVersion = 10.0.40219.1
Project("{FAE04EC0-301F-11D3-BF4B-00C04F79EFBC}") = "aula3", "aula3\aula3.csproj", "{8A01A3A5-A83E-48D0-A463-742950D45CB5}"
EndProject
Global
	GlobalSection(SolutionConfigurationPlatforms) = preSolution
		Debug|Any CPU = Debug|Any CPU
		Release|Any CPU = Release|Any CPU
	EndGlobalSection
	GlobalSection(ProjectConfigurationPlatforms) = postSolution
		{8A01A3A5-A83E-48D0-A463-742950D45CB5}.Debug|Any CPU.ActiveCfg = Debug|Any CPU
		{8A01A3A5-A83E-48D0-A463-742950D45CB5}.Debug|Any CPU.Build.0 = Debug|Any CPU
		{8A01A3A5-A83E-48D0-A463-742950D45CB5}.Release|Any CPU.ActiveCfg = Release|Any CPU
		{8A01A3A5-A83E-48D0-A463-742950D45CB5}.Release|Any CPU.Build.0 = Release|Any CPU
	EndGlobalSection
	GlobalSection(SolutionProperties) = preSolution
		HideSolutionNode = FALSE
	EndGlobalSection
	GlobalSection(ExtensibilityGlobals) = postSolution
		SolutionGuid = {0D74544C-6CF4-4DE7-9374-EE503E1209EE}
	EndGlobalSection
EndGlobal
