
Microsoft Visual Studio Solution File, Format Version 12.00
# Visual Studio Version 17
VisualStudioVersion = 17.11.35327.3
MinimumVisualStudioVersion = 10.0.40219.1
Project("{FAE04EC0-301F-11D3-BF4B-00C04F79EFBC}") = "teste123", "teste123.csproj", "{CBE5123E-11F0-4421-97DD-5292D50A1896}"
EndProject
Global
	GlobalSection(SolutionConfigurationPlatforms) = preSolution
		Debug|Any CPU = Debug|Any CPU
		Release|Any CPU = Release|Any CPU
	EndGlobalSection
	GlobalSection(ProjectConfigurationPlatforms) = postSolution
		{CBE5123E-11F0-4421-97DD-5292D50A1896}.Debug|Any CPU.ActiveCfg = Debug|Any CPU
		{CBE5123E-11F0-4421-97DD-5292D50A1896}.Debug|Any CPU.Build.0 = Debug|Any CPU
		{CBE5123E-11F0-4421-97DD-5292D50A1896}.Release|Any CPU.ActiveCfg = Release|Any CPU
		{CBE5123E-11F0-4421-97DD-5292D50A1896}.Release|Any CPU.Build.0 = Release|Any CPU
	EndGlobalSection
	GlobalSection(SolutionProperties) = preSolution
		HideSolutionNode = FALSE
	EndGlobalSection
	GlobalSection(ExtensibilityGlobals) = postSolution
		SolutionGuid = {C82B1A09-6EEA-45D2-AF98-E2560C66E101}
	EndGlobalSection
EndGlobal
